
Microsoft Visual Studio Solution File, Format Version 12.00
# Visual Studio Version 16
VisualStudioVersion = 16.0.30223.230
MinimumVisualStudioVersion = 10.0.40219.1
Project("{FAE04EC0-301F-11D3-BF4B-00C04F79EFBC}") = "WPF_BubblingRouteEvent", "WPF_RouteEvent\WPF_BubblingRouteEvent.csproj", "{418DB2B6-2717-465B-AC45-8B1C36865DDC}"
EndProject
Project("{FAE04EC0-301F-11D3-BF4B-00C04F79EFBC}") = "WPF_TunnelRouteEvent", "WPF_TunnelRouteEvent\WPF_TunnelRouteEvent.csproj", "{B58BA563-3B84-4A03-BC70-838A589695DC}"
EndProject
Global
	GlobalSection(SolutionConfigurationPlatforms) = preSolution
		Debug|Any CPU = Debug|Any CPU
		Release|Any CPU = Release|Any CPU
	EndGlobalSection
	GlobalSection(ProjectConfigurationPlatforms) = postSolution
		{418DB2B6-2717-465B-AC45-8B1C36865DDC}.Debug|Any CPU.ActiveCfg = Debug|Any CPU
		{418DB2B6-2717-465B-AC45-8B1C36865DDC}.Debug|Any CPU.Build.0 = Debug|Any CPU
		{418DB2B6-2717-465B-AC45-8B1C36865DDC}.Release|Any CPU.ActiveCfg = Release|Any CPU
		{418DB2B6-2717-465B-AC45-8B1C36865DDC}.Release|Any CPU.Build.0 = Release|Any CPU
		{B58BA563-3B84-4A03-BC70-838A589695DC}.Debug|Any CPU.ActiveCfg = Debug|Any CPU
		{B58BA563-3B84-4A03-BC70-838A589695DC}.Debug|Any CPU.Build.0 = Debug|Any CPU
		{B58BA563-3B84-4A03-BC70-838A589695DC}.Release|Any CPU.ActiveCfg = Release|Any CPU
		{B58BA563-3B84-4A03-BC70-838A589695DC}.Release|Any CPU.Build.0 = Release|Any CPU
	EndGlobalSection
	GlobalSection(SolutionProperties) = preSolution
		HideSolutionNode = FALSE
	EndGlobalSection
	GlobalSection(ExtensibilityGlobals) = postSolution
		SolutionGuid = {932885A2-4548-4BAF-AC86-29FDB3E86805}
	EndGlobalSection
EndGlobal
