
Microsoft Visual Studio Solution File, Format Version 12.00
# Visual Studio Version 16
VisualStudioVersion = 16.0.31112.23
MinimumVisualStudioVersion = 10.0.40219.1
Project("{FAE04EC0-301F-11D3-BF4B-00C04F79EFBC}") = "WPF_Resume", "WPF_Resume\WPF_Resume.csproj", "{C81A55F4-A7B4-459B-BE53-47E0543B4F43}"
EndProject
Global
	GlobalSection(SolutionConfigurationPlatforms) = preSolution
		Debug|Any CPU = Debug|Any CPU
		Release|Any CPU = Release|Any CPU
	EndGlobalSection
	GlobalSection(ProjectConfigurationPlatforms) = postSolution
		{C81A55F4-A7B4-459B-BE53-47E0543B4F43}.Debug|Any CPU.ActiveCfg = Debug|Any CPU
		{C81A55F4-A7B4-459B-BE53-47E0543B4F43}.Debug|Any CPU.Build.0 = Debug|Any CPU
		{C81A55F4-A7B4-459B-BE53-47E0543B4F43}.Release|Any CPU.ActiveCfg = Release|Any CPU
		{C81A55F4-A7B4-459B-BE53-47E0543B4F43}.Release|Any CPU.Build.0 = Release|Any CPU
	EndGlobalSection
	GlobalSection(SolutionProperties) = preSolution
		HideSolutionNode = FALSE
	EndGlobalSection
	GlobalSection(ExtensibilityGlobals) = postSolution
		SolutionGuid = {E8576497-EBED-492E-BA02-7DFC7FF870E3}
	EndGlobalSection
EndGlobal
